
Microsoft Visual Studio Solution File, Format Version 12.00
# Visual Studio Version 16
VisualStudioVersion = 16.0.30320.27
MinimumVisualStudioVersion = 10.0.40219.1
Project("{FAE04EC0-301F-11D3-BF4B-00C04F79EFBC}") = "WebShop.Core", "WebShop.Core\WebShop.Core.csproj", "{C675FB58-35DE-48C8-A693-DCF121A3F5A9}"
EndProject
Project("{FAE04EC0-301F-11D3-BF4B-00C04F79EFBC}") = "WebShop.Services", "WebShop.Services\WebShop.Services.csproj", "{EC007B0F-5027-405C-97F6-EB14BA4DA79C}"
EndProject
Project("{FAE04EC0-301F-11D3-BF4B-00C04F79EFBC}") = "WebShop.DataAccess.InMemory", "WebShop.DataAccess.InMemory\WebShop.DataAccess.InMemory.csproj", "{DAAC7A0F-3241-48E7-A906-4E80B2DB99D1}"
EndProject
Project("{FAE04EC0-301F-11D3-BF4B-00C04F79EFBC}") = "WebShop.WebUI", "WebShop.WebUI\WebShop.WebUI.csproj", "{8BF5BB01-A8E2-4D01-962C-264E0E3B9CC1}"
EndProject
Project("{FAE04EC0-301F-11D3-BF4B-00C04F79EFBC}") = "WebShop.WebUI.Tests", "WebShop.WebUI.Tests\WebShop.WebUI.Tests.csproj", "{56BBA5DD-4A10-4B44-A973-51DC63AEBC56}"
EndProject
Project("{FAE04EC0-301F-11D3-BF4B-00C04F79EFBC}") = "WebShop.DataAccess.SQL", "WebShop.DataAccess.SQL\WebShop.DataAccess.SQL.csproj", "{D83F6E9C-456D-4601-A749-17C10330C96E}"
EndProject
Global
	GlobalSection(SolutionConfigurationPlatforms) = preSolution
		Debug|Any CPU = Debug|Any CPU
		Release|Any CPU = Release|Any CPU
	EndGlobalSection
	GlobalSection(ProjectConfigurationPlatforms) = postSolution
		{C675FB58-35DE-48C8-A693-DCF121A3F5A9}.Debug|Any CPU.ActiveCfg = Debug|Any CPU
		{C675FB58-35DE-48C8-A693-DCF121A3F5A9}.Debug|Any CPU.Build.0 = Debug|Any CPU
		{C675FB58-35DE-48C8-A693-DCF121A3F5A9}.Release|Any CPU.ActiveCfg = Release|Any CPU
		{C675FB58-35DE-48C8-A693-DCF121A3F5A9}.Release|Any CPU.Build.0 = Release|Any CPU
		{EC007B0F-5027-405C-97F6-EB14BA4DA79C}.Debug|Any CPU.ActiveCfg = Debug|Any CPU
		{EC007B0F-5027-405C-97F6-EB14BA4DA79C}.Debug|Any CPU.Build.0 = Debug|Any CPU
		{EC007B0F-5027-405C-97F6-EB14BA4DA79C}.Release|Any CPU.ActiveCfg = Release|Any CPU
		{EC007B0F-5027-405C-97F6-EB14BA4DA79C}.Release|Any CPU.Build.0 = Release|Any CPU
		{DAAC7A0F-3241-48E7-A906-4E80B2DB99D1}.Debug|Any CPU.ActiveCfg = Debug|Any CPU
		{DAAC7A0F-3241-48E7-A906-4E80B2DB99D1}.Debug|Any CPU.Build.0 = Debug|Any CPU
		{DAAC7A0F-3241-48E7-A906-4E80B2DB99D1}.Release|Any CPU.ActiveCfg = Release|Any CPU
		{DAAC7A0F-3241-48E7-A906-4E80B2DB99D1}.Release|Any CPU.Build.0 = Release|Any CPU
		{8BF5BB01-A8E2-4D01-962C-264E0E3B9CC1}.Debug|Any CPU.ActiveCfg = Debug|Any CPU
		{8BF5BB01-A8E2-4D01-962C-264E0E3B9CC1}.Debug|Any CPU.Build.0 = Debug|Any CPU
		{8BF5BB01-A8E2-4D01-962C-264E0E3B9CC1}.Release|Any CPU.ActiveCfg = Release|Any CPU
		{8BF5BB01-A8E2-4D01-962C-264E0E3B9CC1}.Release|Any CPU.Build.0 = Release|Any CPU
		{56BBA5DD-4A10-4B44-A973-51DC63AEBC56}.Debug|Any CPU.ActiveCfg = Debug|Any CPU
		{56BBA5DD-4A10-4B44-A973-51DC63AEBC56}.Debug|Any CPU.Build.0 = Debug|Any CPU
		{56BBA5DD-4A10-4B44-A973-51DC63AEBC56}.Release|Any CPU.ActiveCfg = Release|Any CPU
		{56BBA5DD-4A10-4B44-A973-51DC63AEBC56}.Release|Any CPU.Build.0 = Release|Any CPU
		{D83F6E9C-456D-4601-A749-17C10330C96E}.Debug|Any CPU.ActiveCfg = Debug|Any CPU
		{D83F6E9C-456D-4601-A749-17C10330C96E}.Debug|Any CPU.Build.0 = Debug|Any CPU
		{D83F6E9C-456D-4601-A749-17C10330C96E}.Release|Any CPU.ActiveCfg = Release|Any CPU
		{D83F6E9C-456D-4601-A749-17C10330C96E}.Release|Any CPU.Build.0 = Release|Any CPU
	EndGlobalSection
	GlobalSection(SolutionProperties) = preSolution
		HideSolutionNode = FALSE
	EndGlobalSection
	GlobalSection(ExtensibilityGlobals) = postSolution
		SolutionGuid = {E3EEAC3A-09DE-442B-8725-4C79F0114C94}
	EndGlobalSection
EndGlobal
